
Microsoft Visual Studio Solution File, Format Version 12.00
# Visual Studio Version 16
VisualStudioVersion = 16.0.31129.286
MinimumVisualStudioVersion = 10.0.40219.1
Project("{FAE04EC0-301F-11D3-BF4B-00C04F79EFBC}") = "InterTwitter.Android", "InterTwitter.Android\InterTwitter.Android.csproj", "{DC40F980-3159-47B4-A1C1-DFE758B7511F}"
EndProject
Project("{FAE04EC0-301F-11D3-BF4B-00C04F79EFBC}") = "InterTwitter.iOS", "InterTwitter.iOS\InterTwitter.iOS.csproj", "{AC764DC1-4C40-4BB2-B761-F3124936F5F1}"
EndProject
Project("{9A19103F-16F7-4668-BE54-9A1E7A4F7556}") = "InterTwitter", "InterTwitter\InterTwitter.csproj", "{9D9964CB-1938-49B7-9048-5070C38B1E16}"
EndProject
Project("{2150E333-8FDC-42A3-9474-1A3956D46DE8}") = "src", "src", "{F54C2921-10CE-4723-A2ED-7A75437C79F7}"
EndProject
Project("{2150E333-8FDC-42A3-9474-1A3956D46DE8}") = "tests", "tests", "{A6DE7EEC-3807-4CBC-8E7A-DDDB08CCB1EC}"
EndProject
Project("{2150E333-8FDC-42A3-9474-1A3956D46DE8}") = "lib", "lib", "{32C328D9-0D7E-499C-B960-B397750A98AB}"
EndProject
Global
	GlobalSection(SolutionConfigurationPlatforms) = preSolution
		Debug|Any CPU = Debug|Any CPU
		Debug|iPhone = Debug|iPhone
		Debug|iPhoneSimulator = Debug|iPhoneSimulator
		DEV|Any CPU = DEV|Any CPU
		DEV|iPhone = DEV|iPhone
		DEV|iPhoneSimulator = DEV|iPhoneSimulator
		Release|Any CPU = Release|Any CPU
		Release|iPhone = Release|iPhone
		Release|iPhoneSimulator = Release|iPhoneSimulator
		STAGE|Any CPU = STAGE|Any CPU
		STAGE|iPhone = STAGE|iPhone
		STAGE|iPhoneSimulator = STAGE|iPhoneSimulator
	EndGlobalSection
	GlobalSection(ProjectConfigurationPlatforms) = postSolution
		{DC40F980-3159-47B4-A1C1-DFE758B7511F}.Debug|Any CPU.ActiveCfg = Debug|Any CPU
		{DC40F980-3159-47B4-A1C1-DFE758B7511F}.Debug|Any CPU.Build.0 = Debug|Any CPU
		{DC40F980-3159-47B4-A1C1-DFE758B7511F}.Debug|Any CPU.Deploy.0 = Debug|Any CPU
		{DC40F980-3159-47B4-A1C1-DFE758B7511F}.Debug|iPhone.ActiveCfg = Debug|Any CPU
		{DC40F980-3159-47B4-A1C1-DFE758B7511F}.Debug|iPhoneSimulator.ActiveCfg = Debug|Any CPU
		{DC40F980-3159-47B4-A1C1-DFE758B7511F}.DEV|Any CPU.ActiveCfg = DEV|Any CPU
		{DC40F980-3159-47B4-A1C1-DFE758B7511F}.DEV|Any CPU.Build.0 = DEV|Any CPU
		{DC40F980-3159-47B4-A1C1-DFE758B7511F}.DEV|Any CPU.Deploy.0 = DEV|Any CPU
		{DC40F980-3159-47B4-A1C1-DFE758B7511F}.DEV|iPhone.ActiveCfg = DEV|Any CPU
		{DC40F980-3159-47B4-A1C1-DFE758B7511F}.DEV|iPhoneSimulator.ActiveCfg = DEV|Any CPU
		{DC40F980-3159-47B4-A1C1-DFE758B7511F}.Release|Any CPU.ActiveCfg = Release|Any CPU
		{DC40F980-3159-47B4-A1C1-DFE758B7511F}.Release|Any CPU.Build.0 = Release|Any CPU
		{DC40F980-3159-47B4-A1C1-DFE758B7511F}.Release|Any CPU.Deploy.0 = Release|Any CPU
		{DC40F980-3159-47B4-A1C1-DFE758B7511F}.Release|iPhone.ActiveCfg = Release|Any CPU
		{DC40F980-3159-47B4-A1C1-DFE758B7511F}.Release|iPhoneSimulator.ActiveCfg = Release|Any CPU
		{DC40F980-3159-47B4-A1C1-DFE758B7511F}.STAGE|Any CPU.ActiveCfg = STAGE|Any CPU
		{DC40F980-3159-47B4-A1C1-DFE758B7511F}.STAGE|Any CPU.Build.0 = STAGE|Any CPU
		{DC40F980-3159-47B4-A1C1-DFE758B7511F}.STAGE|Any CPU.Deploy.0 = STAGE|Any CPU
		{DC40F980-3159-47B4-A1C1-DFE758B7511F}.STAGE|iPhone.ActiveCfg = STAGE|Any CPU
		{DC40F980-3159-47B4-A1C1-DFE758B7511F}.STAGE|iPhoneSimulator.ActiveCfg = STAGE|Any CPU
		{AC764DC1-4C40-4BB2-B761-F3124936F5F1}.Debug|Any CPU.ActiveCfg = Debug|iPhone
		{AC764DC1-4C40-4BB2-B761-F3124936F5F1}.Debug|Any CPU.Deploy.0 = Debug|iPhone
		{AC764DC1-4C40-4BB2-B761-F3124936F5F1}.Debug|iPhone.ActiveCfg = Debug|iPhone
		{AC764DC1-4C40-4BB2-B761-F3124936F5F1}.Debug|iPhone.Build.0 = Debug|iPhone
		{AC764DC1-4C40-4BB2-B761-F3124936F5F1}.Debug|iPhone.Deploy.0 = Debug|iPhone
		{AC764DC1-4C40-4BB2-B761-F3124936F5F1}.Debug|iPhoneSimulator.ActiveCfg = Debug|iPhoneSimulator
		{AC764DC1-4C40-4BB2-B761-F3124936F5F1}.Debug|iPhoneSimulator.Build.0 = Debug|iPhoneSimulator
		{AC764DC1-4C40-4BB2-B761-F3124936F5F1}.Debug|iPhoneSimulator.Deploy.0 = Debug|iPhoneSimulator
		{AC764DC1-4C40-4BB2-B761-F3124936F5F1}.DEV|Any CPU.ActiveCfg = DEV|iPhoneSimulator
		{AC764DC1-4C40-4BB2-B761-F3124936F5F1}.DEV|iPhone.ActiveCfg = DEV|iPhone
		{AC764DC1-4C40-4BB2-B761-F3124936F5F1}.DEV|iPhone.Build.0 = DEV|iPhone
		{AC764DC1-4C40-4BB2-B761-F3124936F5F1}.DEV|iPhoneSimulator.ActiveCfg = DEV|iPhoneSimulator
		{AC764DC1-4C40-4BB2-B761-F3124936F5F1}.DEV|iPhoneSimulator.Build.0 = DEV|iPhoneSimulator
		{AC764DC1-4C40-4BB2-B761-F3124936F5F1}.Release|Any CPU.ActiveCfg = Release|iPhoneSimulator
		{AC764DC1-4C40-4BB2-B761-F3124936F5F1}.Release|Any CPU.Deploy.0 = Release|iPhoneSimulator
		{AC764DC1-4C40-4BB2-B761-F3124936F5F1}.Release|iPhone.ActiveCfg = Release|iPhone
		{AC764DC1-4C40-4BB2-B761-F3124936F5F1}.Release|iPhone.Build.0 = Release|iPhone
		{AC764DC1-4C40-4BB2-B761-F3124936F5F1}.Release|iPhone.Deploy.0 = Release|iPhone
		{AC764DC1-4C40-4BB2-B761-F3124936F5F1}.Release|iPhoneSimulator.ActiveCfg = Release|iPhoneSimulator
		{AC764DC1-4C40-4BB2-B761-F3124936F5F1}.Release|iPhoneSimulator.Build.0 = Release|iPhoneSimulator
		{AC764DC1-4C40-4BB2-B761-F3124936F5F1}.Release|iPhoneSimulator.Deploy.0 = Release|iPhoneSimulator
		{AC764DC1-4C40-4BB2-B761-F3124936F5F1}.STAGE|Any CPU.ActiveCfg = STAGE|iPhoneSimulator
		{AC764DC1-4C40-4BB2-B761-F3124936F5F1}.STAGE|iPhone.ActiveCfg = STAGE|iPhone
		{AC764DC1-4C40-4BB2-B761-F3124936F5F1}.STAGE|iPhone.Build.0 = STAGE|iPhone
		{AC764DC1-4C40-4BB2-B761-F3124936F5F1}.STAGE|iPhoneSimulator.ActiveCfg = STAGE|iPhoneSimulator
		{AC764DC1-4C40-4BB2-B761-F3124936F5F1}.STAGE|iPhoneSimulator.Build.0 = STAGE|iPhoneSimulator
		{9D9964CB-1938-49B7-9048-5070C38B1E16}.Debug|Any CPU.ActiveCfg = Debug|Any CPU
		{9D9964CB-1938-49B7-9048-5070C38B1E16}.Debug|Any CPU.Build.0 = Debug|Any CPU
		{9D9964CB-1938-49B7-9048-5070C38B1E16}.Debug|Any CPU.Deploy.0 = Debug|Any CPU
		{9D9964CB-1938-49B7-9048-5070C38B1E16}.Debug|iPhone.ActiveCfg = Debug|Any CPU
		{9D9964CB-1938-49B7-9048-5070C38B1E16}.Debug|iPhone.Build.0 = Debug|Any CPU
		{9D9964CB-1938-49B7-9048-5070C38B1E16}.Debug|iPhone.Deploy.0 = Debug|Any CPU
		{9D9964CB-1938-49B7-9048-5070C38B1E16}.Debug|iPhoneSimulator.ActiveCfg = Debug|Any CPU
		{9D9964CB-1938-49B7-9048-5070C38B1E16}.Debug|iPhoneSimulator.Build.0 = Debug|Any CPU
		{9D9964CB-1938-49B7-9048-5070C38B1E16}.Debug|iPhoneSimulator.Deploy.0 = Debug|Any CPU
		{9D9964CB-1938-49B7-9048-5070C38B1E16}.DEV|Any CPU.ActiveCfg = DEV|Any CPU
		{9D9964CB-1938-49B7-9048-5070C38B1E16}.DEV|Any CPU.Build.0 = DEV|Any CPU
		{9D9964CB-1938-49B7-9048-5070C38B1E16}.DEV|iPhone.ActiveCfg = DEV|Any CPU
		{9D9964CB-1938-49B7-9048-5070C38B1E16}.DEV|iPhone.Build.0 = DEV|Any CPU
		{9D9964CB-1938-49B7-9048-5070C38B1E16}.DEV|iPhoneSimulator.ActiveCfg = DEV|Any CPU
		{9D9964CB-1938-49B7-9048-5070C38B1E16}.DEV|iPhoneSimulator.Build.0 = DEV|Any CPU
		{9D9964CB-1938-49B7-9048-5070C38B1E16}.Release|Any CPU.ActiveCfg = Release|Any CPU
		{9D9964CB-1938-49B7-9048-5070C38B1E16}.Release|Any CPU.Build.0 = Release|Any CPU
		{9D9964CB-1938-49B7-9048-5070C38B1E16}.Release|Any CPU.Deploy.0 = Release|Any CPU
		{9D9964CB-1938-49B7-9048-5070C38B1E16}.Release|iPhone.ActiveCfg = Release|Any CPU
		{9D9964CB-1938-49B7-9048-5070C38B1E16}.Release|iPhone.Build.0 = Release|Any CPU
		{9D9964CB-1938-49B7-9048-5070C38B1E16}.Release|iPhone.Deploy.0 = Release|Any CPU
		{9D9964CB-1938-49B7-9048-5070C38B1E16}.Release|iPhoneSimulator.ActiveCfg = Release|Any CPU
		{9D9964CB-1938-49B7-9048-5070C38B1E16}.Release|iPhoneSimulator.Build.0 = Release|Any CPU
		{9D9964CB-1938-49B7-9048-5070C38B1E16}.Release|iPhoneSimulator.Deploy.0 = Release|Any CPU
		{9D9964CB-1938-49B7-9048-5070C38B1E16}.STAGE|Any CPU.ActiveCfg = STAGE|Any CPU
		{9D9964CB-1938-49B7-9048-5070C38B1E16}.STAGE|Any CPU.Build.0 = STAGE|Any CPU
		{9D9964CB-1938-49B7-9048-5070C38B1E16}.STAGE|iPhone.ActiveCfg = STAGE|Any CPU
		{9D9964CB-1938-49B7-9048-5070C38B1E16}.STAGE|iPhone.Build.0 = STAGE|Any CPU
		{9D9964CB-1938-49B7-9048-5070C38B1E16}.STAGE|iPhoneSimulator.ActiveCfg = STAGE|Any CPU
		{9D9964CB-1938-49B7-9048-5070C38B1E16}.STAGE|iPhoneSimulator.Build.0 = STAGE|Any CPU
	EndGlobalSection
	GlobalSection(SolutionProperties) = preSolution
		HideSolutionNode = FALSE
	EndGlobalSection
	GlobalSection(ExtensibilityGlobals) = postSolution
		SolutionGuid = {02102027-E0B4-4262-9F0F-C99B85D98F44}
	EndGlobalSection
	GlobalSection(NestedProjects) = preSolution
		{9D9964CB-1938-49B7-9048-5070C38B1E16} = {F54C2921-10CE-4723-A2ED-7A75437C79F7}
		{DC40F980-3159-47B4-A1C1-DFE758B7511F} = {F54C2921-10CE-4723-A2ED-7A75437C79F7}
		{AC764DC1-4C40-4BB2-B761-F3124936F5F1} = {F54C2921-10CE-4723-A2ED-7A75437C79F7}
	EndGlobalSection
EndGlobal
